Microsoft Visual Studio Solution File, Format Version 12.00
# Visual Studio Version 17
VisualStudioVersion = 17.5.2.0
MinimumVisualStudioVersion = 10.0.40219.1
Project("{FAE04EC0-301F-11D3-BF4B-00C04F79EFBC}") = "Bai2", "Bai2.csproj", "{8298AEB5-DCFC-A468-5B54-6FC475C47A46}"
EndProject
Global
	GlobalSection(SolutionConfigurationPlatforms) = preSolution
		Debug|Any CPU = Debug|Any CPU
		Release|Any CPU = Release|Any CPU
	EndGlobalSection
	GlobalSection(ProjectConfigurationPlatforms) = postSolution
		{8298AEB5-DCFC-A468-5B54-6FC475C47A46}.Debug|Any CPU.ActiveCfg = Debug|Any CPU
		{8298AEB5-DCFC-A468-5B54-6FC475C47A46}.Debug|Any CPU.Build.0 = Debug|Any CPU
		{8298AEB5-DCFC-A468-5B54-6FC475C47A46}.Release|Any CPU.ActiveCfg = Release|Any CPU
		{8298AEB5-DCFC-A468-5B54-6FC475C47A46}.Release|Any CPU.Build.0 = Release|Any CPU
	EndGlobalSection
	GlobalSection(SolutionProperties) = preSolution
		HideSolutionNode = FALSE
	EndGlobalSection
	GlobalSection(ExtensibilityGlobals) = postSolution
		SolutionGuid = {8DA82091-A607-4E67-A913-67B48BDAD765}
	EndGlobalSection
EndGlobal
